
Microsoft Visual Studio Solution File, Format Version 12.00
# Visual Studio Version 16
VisualStudioVersion = 16.0.30717.126
MinimumVisualStudioVersion = 10.0.40219.1
Project("{FAE04EC0-301F-11D3-BF4B-00C04F79EFBC}") = "ShopBridge", "ShopBridge\ShopBridge.csproj", "{DCF2210D-6F5E-4A17-A89B-FB837828EA52}"
EndProject
Project("{FAE04EC0-301F-11D3-BF4B-00C04F79EFBC}") = "ShopBridge.Tests", "ShopBridge.Tests\ShopBridge.Tests.csproj", "{2B461704-896A-4E98-91A8-FCC1F3BE8891}"
EndProject
Global
	GlobalSection(SolutionConfigurationPlatforms) = preSolution
		Debug|Any CPU = Debug|Any CPU
		Release|Any CPU = Release|Any CPU
	EndGlobalSection
	GlobalSection(ProjectConfigurationPlatforms) = postSolution
		{DCF2210D-6F5E-4A17-A89B-FB837828EA52}.Debug|Any CPU.ActiveCfg = Debug|Any CPU
		{DCF2210D-6F5E-4A17-A89B-FB837828EA52}.Debug|Any CPU.Build.0 = Debug|Any CPU
		{DCF2210D-6F5E-4A17-A89B-FB837828EA52}.Release|Any CPU.ActiveCfg = Release|Any CPU
		{DCF2210D-6F5E-4A17-A89B-FB837828EA52}.Release|Any CPU.Build.0 = Release|Any CPU
		{2B461704-896A-4E98-91A8-FCC1F3BE8891}.Debug|Any CPU.ActiveCfg = Debug|Any CPU
		{2B461704-896A-4E98-91A8-FCC1F3BE8891}.Debug|Any CPU.Build.0 = Debug|Any CPU
		{2B461704-896A-4E98-91A8-FCC1F3BE8891}.Release|Any CPU.ActiveCfg = Release|Any CPU
		{2B461704-896A-4E98-91A8-FCC1F3BE8891}.Release|Any CPU.Build.0 = Release|Any CPU
	EndGlobalSection
	GlobalSection(SolutionProperties) = preSolution
		HideSolutionNode = FALSE
	EndGlobalSection
	GlobalSection(ExtensibilityGlobals) = postSolution
		SolutionGuid = {95B15199-4B33-4D52-BE25-523E0A9F75C4}
	EndGlobalSection
EndGlobal
